
Microsoft Visual Studio Solution File, Format Version 11.00
# Visual Studio 2010
Project("{FAE04EC0-301F-11D3-BF4B-00C04F79EFBC}") = "Unity.Timeline", "Unity.Timeline.csproj", "{6d7e7fd1-87c9-7be9-6697-6ad560d6260e}"
EndProject
Project("{FAE04EC0-301F-11D3-BF4B-00C04F79EFBC}") = "Unity.PlasticSCM.Editor", "Unity.PlasticSCM.Editor.csproj", "{34ca86a7-5ab6-c3de-d47c-8ffeee93b122}"
EndProject
Project("{FAE04EC0-301F-11D3-BF4B-00C04F79EFBC}") = "Unity.2D.Aseprite.Editor", "Unity.2D.Aseprite.Editor.csproj", "{cd90d991-4ff2-186f-bd3b-991ae28ba8c5}"
EndProject
Project("{FAE04EC0-301F-11D3-BF4B-00C04F79EFBC}") = "Unity.Mathematics", "Unity.Mathematics.csproj", "{c6c2d283-add3-ab3f-23b7-7b740f272de8}"
EndProject
Project("{FAE04EC0-301F-11D3-BF4B-00C04F79EFBC}") = "Unity.Timeline.Editor", "Unity.Timeline.Editor.csproj", "{ae8cd75a-814f-1b14-eeeb-70d450a50b20}"
EndProject
Project("{FAE04EC0-301F-11D3-BF4B-00C04F79EFBC}") = "Unity.2D.Psdimporter.Editor", "Unity.2D.Psdimporter.Editor.csproj", "{cdba88bf-8755-6338-bcf7-32147014e5ab}"
EndProject
Project("{FAE04EC0-301F-11D3-BF4B-00C04F79EFBC}") = "Unity.2D.IK.Runtime", "Unity.2D.IK.Runtime.csproj", "{bb581293-07cd-465b-1028-61ea0b879322}"
EndProject
Project("{FAE04EC0-301F-11D3-BF4B-00C04F79EFBC}") = "Unity.Collections", "Unity.Collections.csproj", "{58ea2261-4e47-2b50-c8a8-d008ccceb7cb}"
EndProject
Project("{FAE04EC0-301F-11D3-BF4B-00C04F79EFBC}") = "Unity.VisualScripting.Core.Editor", "Unity.VisualScripting.Core.Editor.csproj", "{49fade81-c1f3-408c-3f0a-7e317aeb2952}"
EndProject
Project("{FAE04EC0-301F-11D3-BF4B-00C04F79EFBC}") = "Unity.PerformanceTesting.Editor", "Unity.PerformanceTesting.Editor.csproj", "{fae1c317-04cb-a796-c82f-e14e827c96bf}"
EndProject
Project("{FAE04EC0-301F-11D3-BF4B-00C04F79EFBC}") = "Unity.Burst", "Unity.Burst.csproj", "{f08a3366-74f1-69ff-d964-9de7e1eb9c3e}"
EndProject
Project("{FAE04EC0-301F-11D3-BF4B-00C04F79EFBC}") = "Unity.VisualScripting.Flow.Editor", "Unity.VisualScripting.Flow.Editor.csproj", "{f78ebf7e-7a20-45d6-0756-2fe7c5a4a840}"
EndProject
Project("{FAE04EC0-301F-11D3-BF4B-00C04F79EFBC}") = "Unity.2D.SpriteShape.Editor", "Unity.2D.SpriteShape.Editor.csproj", "{6a6d6ba9-27cf-0e13-8fbe-24630085bc9a}"
EndProject
Project("{FAE04EC0-301F-11D3-BF4B-00C04F79EFBC}") = "Unity.VisualStudio.Editor", "Unity.VisualStudio.Editor.csproj", "{657a8de8-c3b2-9fa1-1e92-76a63cacea37}"
EndProject
Project("{FAE04EC0-301F-11D3-BF4B-00C04F79EFBC}") = "Unity.InputSystem", "Unity.InputSystem.csproj", "{f183c9db-00ac-42b2-c640-67a0115feab1}"
EndProject
Project("{FAE04EC0-301F-11D3-BF4B-00C04F79EFBC}") = "Unity.2D.Animation.Editor", "Unity.2D.Animation.Editor.csproj", "{643a9c54-94a9-64a7-3a0a-9f74fab9a713}"
EndProject
Project("{FAE04EC0-301F-11D3-BF4B-00C04F79EFBC}") = "Unity.Searcher.Editor", "Unity.Searcher.Editor.csproj", "{d9380aa9-b8c9-6526-84f6-973b5a75506b}"
EndProject
Project("{FAE04EC0-301F-11D3-BF4B-00C04F79EFBC}") = "Unity.2D.SpriteShape.Runtime", "Unity.2D.SpriteShape.Runtime.csproj", "{91b47e37-026d-52a9-2242-53060798cc6f}"
EndProject
Project("{FAE04EC0-301F-11D3-BF4B-00C04F79EFBC}") = "Unity.VisualScripting.Core", "Unity.VisualScripting.Core.csproj", "{a773b8c6-244c-e39f-f8d8-b43a6ba9f896}"
EndProject
Project("{FAE04EC0-301F-11D3-BF4B-00C04F79EFBC}") = "Unity.VisualScripting.State.Editor", "Unity.VisualScripting.State.Editor.csproj", "{19133a41-8af0-b82a-feed-6995d6f0013b}"
EndProject
Project("{FAE04EC0-301F-11D3-BF4B-00C04F79EFBC}") = "Unity.Burst.CodeGen", "Unity.Burst.CodeGen.csproj", "{2f1117ee-a42b-3bc8-f5cd-c647899fb923}"
EndProject
Project("{FAE04EC0-301F-11D3-BF4B-00C04F79EFBC}") = "Unity.VisualScripting.Flow", "Unity.VisualScripting.Flow.csproj", "{cb41f519-91c8-a551-719e-65af6a213326}"
EndProject
Project("{FAE04EC0-301F-11D3-BF4B-00C04F79EFBC}") = "Unity.PerformanceTesting", "Unity.PerformanceTesting.csproj", "{a0315d57-74db-1fc1-7e59-5796f072483e}"
EndProject
Project("{FAE04EC0-301F-11D3-BF4B-00C04F79EFBC}") = "Assembly-CSharp", "Assembly-CSharp.csproj", "{f18cd080-f1a4-c9c9-63a5-33c81e2d2b9d}"
EndProject
Project("{FAE04EC0-301F-11D3-BF4B-00C04F79EFBC}") = "Unity.2D.Tilemap.Extras.Editor", "Unity.2D.Tilemap.Extras.Editor.csproj", "{3b4bfadc-e9f0-1a98-54ed-0085aade83cd}"
EndProject
Project("{FAE04EC0-301F-11D3-BF4B-00C04F79EFBC}") = "Timeline.Samples.Utilities", "Timeline.Samples.Utilities.csproj", "{86ae86a3-77e2-f69b-8d29-64c48bcd2534}"
EndProject
Project("{FAE04EC0-301F-11D3-BF4B-00C04F79EFBC}") = "PsdPlugin", "PsdPlugin.csproj", "{24bcbb9a-7fcd-ee31-7bd1-f179fe97d67f}"
EndProject
Project("{FAE04EC0-301F-11D3-BF4B-00C04F79EFBC}") = "Unity.2D.IK.Editor", "Unity.2D.IK.Editor.csproj", "{7a122c57-80fd-c792-3f06-92aef0412751}"
EndProject
Project("{FAE04EC0-301F-11D3-BF4B-00C04F79EFBC}") = "Unity.InternalAPIEngineBridge.001", "Unity.InternalAPIEngineBridge.001.csproj", "{56875d03-0e53-2d0c-a7ea-77732ec69e17}"
EndProject
Project("{FAE04EC0-301F-11D3-BF4B-00C04F79EFBC}") = "Unity.2D.Aseprite.Common", "Unity.2D.Aseprite.Common.csproj", "{837156f1-21eb-7ba3-edf5-69fc1a739ca6}"
EndProject
Project("{FAE04EC0-301F-11D3-BF4B-00C04F79EFBC}") = "Unity.Burst.Editor", "Unity.Burst.Editor.csproj", "{190f9939-9662-a6ec-873b-332861b7c894}"
EndProject
Project("{FAE04EC0-301F-11D3-BF4B-00C04F79EFBC}") = "Unity.2D.Common.Path.Editor", "Unity.2D.Common.Path.Editor.csproj", "{5867f31b-1a24-9c16-6c07-d8f750bff6a6}"
EndProject
Project("{FAE04EC0-301F-11D3-BF4B-00C04F79EFBC}") = "Unity.2D.Common.Editor", "Unity.2D.Common.Editor.csproj", "{7ca503bc-3c24-c732-a3f4-f9927fcbecf8}"
EndProject
Project("{FAE04EC0-301F-11D3-BF4B-00C04F79EFBC}") = "Unity.Rider.Editor", "Unity.Rider.Editor.csproj", "{0d84564c-9c89-934f-a4b4-af712dfec620}"
EndProject
Project("{FAE04EC0-301F-11D3-BF4B-00C04F79EFBC}") = "Timeline.Samples.Annotation.Editor", "Timeline.Samples.Annotation.Editor.csproj", "{320b1dd4-d24e-5de1-0898-41a6f4c79445}"
EndProject
Project("{FAE04EC0-301F-11D3-BF4B-00C04F79EFBC}") = "Unity.VisualScripting.State", "Unity.VisualScripting.State.csproj", "{92d04448-74fb-cb7c-77b1-c922313fc452}"
EndProject
Project("{FAE04EC0-301F-11D3-BF4B-00C04F79EFBC}") = "Unity.InternalAPIEditorBridge.001", "Unity.InternalAPIEditorBridge.001.csproj", "{28fe38f0-b52d-70d5-8bd6-57fd39757ebf}"
EndProject
Project("{FAE04EC0-301F-11D3-BF4B-00C04F79EFBC}") = "Unity.InputSystem.ForUI", "Unity.InputSystem.ForUI.csproj", "{9f8851d8-c806-ea1b-dc4e-cafa2057013c}"
EndProject
Project("{FAE04EC0-301F-11D3-BF4B-00C04F79EFBC}") = "Unity.Collections.CodeGen", "Unity.Collections.CodeGen.csproj", "{d16b2357-e7b3-562e-56ee-3abf086192c3}"
EndProject
Project("{FAE04EC0-301F-11D3-BF4B-00C04F79EFBC}") = "Unity.2D.Tilemap.Extras", "Unity.2D.Tilemap.Extras.csproj", "{f6b60689-622a-b1a7-316b-974821636b56}"
EndProject
Project("{FAE04EC0-301F-11D3-BF4B-00C04F79EFBC}") = "Unity.2D.Animation.Runtime", "Unity.2D.Animation.Runtime.csproj", "{71d5813b-12be-bdff-ac7d-8687165d8bed}"
EndProject
Project("{FAE04EC0-301F-11D3-BF4B-00C04F79EFBC}") = "Unity.Mathematics.Editor", "Unity.Mathematics.Editor.csproj", "{abe25172-b296-a507-b358-00da32983cb9}"
EndProject
Project("{FAE04EC0-301F-11D3-BF4B-00C04F79EFBC}") = "Unity.VisualScripting.SettingsProvider.Editor", "Unity.VisualScripting.SettingsProvider.Editor.csproj", "{50d90116-a959-62ba-048d-421de7ab8c05}"
EndProject
Project("{FAE04EC0-301F-11D3-BF4B-00C04F79EFBC}") = "Timeline.Samples.TimeDilation", "Timeline.Samples.TimeDilation.csproj", "{c6a9d477-606b-7d57-0f2b-9f5511776ca5}"
EndProject
Project("{FAE04EC0-301F-11D3-BF4B-00C04F79EFBC}") = "Timeline.Samples.Video", "Timeline.Samples.Video.csproj", "{862d1f46-94cd-96e3-fb85-304941215238}"
EndProject
Project("{FAE04EC0-301F-11D3-BF4B-00C04F79EFBC}") = "Unity.InputSystem.TestFramework", "Unity.InputSystem.TestFramework.csproj", "{f1ca22f4-8708-cc4a-eeab-db72ec38fa9e}"
EndProject
Project("{FAE04EC0-301F-11D3-BF4B-00C04F79EFBC}") = "Unity.CollabProxy.Editor", "Unity.CollabProxy.Editor.csproj", "{4633c733-ce48-46ad-1f7d-4cb1b9d286f8}"
EndProject
Project("{FAE04EC0-301F-11D3-BF4B-00C04F79EFBC}") = "Unity.VisualScripting.Shared.Editor", "Unity.VisualScripting.Shared.Editor.csproj", "{e453eece-7482-abd8-93b4-659308ff2918}"
EndProject
Project("{FAE04EC0-301F-11D3-BF4B-00C04F79EFBC}") = "Timeline.Samples.Tween", "Timeline.Samples.Tween.csproj", "{947869b8-73bc-ebc0-6e39-9e76ee9aa6a7}"
EndProject
Project("{FAE04EC0-301F-11D3-BF4B-00C04F79EFBC}") = "Unity.2D.Common.Runtime", "Unity.2D.Common.Runtime.csproj", "{23f03e91-d3c2-258e-5bf6-6c04c50ee04f}"
EndProject
Project("{FAE04EC0-301F-11D3-BF4B-00C04F79EFBC}") = "Timeline.Samples.Video.Editor", "Timeline.Samples.Video.Editor.csproj", "{7c8e209a-3ce5-66eb-b6eb-1efa26d6d478}"
EndProject
Project("{FAE04EC0-301F-11D3-BF4B-00C04F79EFBC}") = "Timeline.Samples.Text", "Timeline.Samples.Text.csproj", "{09ccb060-d0f2-f691-d262-ca6bcb7ba61e}"
EndProject
Project("{FAE04EC0-301F-11D3-BF4B-00C04F79EFBC}") = "Timeline.Samples.Text.Editor", "Timeline.Samples.Text.Editor.csproj", "{c00bfe8c-e641-2c98-fff5-8f818f194689}"
EndProject
Project("{FAE04EC0-301F-11D3-BF4B-00C04F79EFBC}") = "Unity.InputSystem.DocCodeSamples", "Unity.InputSystem.DocCodeSamples.csproj", "{857cead7-4d48-c696-ce77-fe5efb8ac238}"
EndProject
Project("{FAE04EC0-301F-11D3-BF4B-00C04F79EFBC}") = "ScriptablePacker", "ScriptablePacker.csproj", "{1736d2f2-c20b-4a6a-3353-dd7742b361a1}"
EndProject
Project("{FAE04EC0-301F-11D3-BF4B-00C04F79EFBC}") = "Timeline.Samples.Utilities.Editor", "Timeline.Samples.Utilities.Editor.csproj", "{1b61944c-c5d2-c6cb-8a12-fba98c5a5575}"
EndProject
Project("{FAE04EC0-301F-11D3-BF4B-00C04F79EFBC}") = "Unity.PlasticSCM.Editor.Entities", "Unity.PlasticSCM.Editor.Entities.csproj", "{b88aa798-e780-b246-de29-979d783d6876}"
EndProject
Project("{FAE04EC0-301F-11D3-BF4B-00C04F79EFBC}") = "Unity.Collections.Editor", "Unity.Collections.Editor.csproj", "{eefe726c-7ae8-4099-6e19-7ffde5f297af}"
EndProject
Project("{FAE04EC0-301F-11D3-BF4B-00C04F79EFBC}") = "Timeline.Samples.Annotation", "Timeline.Samples.Annotation.csproj", "{e923504c-6490-ac36-b4a9-e66d9415b6c4}"
EndProject
Project("{FAE04EC0-301F-11D3-BF4B-00C04F79EFBC}") = "Timeline.Samples.Tween.Editor", "Timeline.Samples.Tween.Editor.csproj", "{522952cf-269b-bc4f-f784-ef85bc24dfb2}"
EndProject
Project("{FAE04EC0-301F-11D3-BF4B-00C04F79EFBC}") = "Assembly-CSharp-Editor", "Assembly-CSharp-Editor.csproj", "{21ac4f2a-c103-26a4-3da5-5303c84f8fcd}"
EndProject
Project("{FAE04EC0-301F-11D3-BF4B-00C04F79EFBC}") = "Unity.Mathematics.Tests", "Unity.Mathematics.Tests.csproj", "{5fc2d261-84e1-2a3f-9cb3-966a51edd8ff}"
EndProject
Project("{FAE04EC0-301F-11D3-BF4B-00C04F79EFBC}") = "Unity.2D.Aseprite.EditorTests", "Unity.2D.Aseprite.EditorTests.csproj", "{36b91495-3b84-47e3-06a0-df824f95ee98}"
EndProject
Project("{FAE04EC0-301F-11D3-BF4B-00C04F79EFBC}") = "Unity.Collections.DocCodeSamples", "Unity.Collections.DocCodeSamples.csproj", "{03031733-02e9-884c-5c6c-40a9b992ab14}"
EndProject
Project("{FAE04EC0-301F-11D3-BF4B-00C04F79EFBC}") = "Unity.2D.SpriteShape.EditorTests", "Unity.2D.SpriteShape.EditorTests.csproj", "{ec5dd353-1c49-bbe3-4d3e-518a407eb79a}"
EndProject
Project("{FAE04EC0-301F-11D3-BF4B-00C04F79EFBC}") = "Unity.2D.Common.EditorTests", "Unity.2D.Common.EditorTests.csproj", "{faa907d7-7b8a-24db-79a1-bbb2d278b9c8}"
EndProject
Project("{FAE04EC0-301F-11D3-BF4B-00C04F79EFBC}") = "Unity.Searcher.EditorTests", "Unity.Searcher.EditorTests.csproj", "{4fb1f2d2-830a-ccc5-4cf5-2f52833db042}"
EndProject
Project("{FAE04EC0-301F-11D3-BF4B-00C04F79EFBC}") = "Unity.Collections.PerformanceTests", "Unity.Collections.PerformanceTests.csproj", "{01ba1e1c-1901-4b6b-da79-387e183e0779}"
EndProject
Project("{FAE04EC0-301F-11D3-BF4B-00C04F79EFBC}") = "DocCodeExamples", "DocCodeExamples.csproj", "{c7a65b96-fd62-576a-1b16-ce5c892f4d83}"
EndProject
Project("{FAE04EC0-301F-11D3-BF4B-00C04F79EFBC}") = "Unity.Collections.Tests", "Unity.Collections.Tests.csproj", "{116eaafa-e4db-541d-e4ff-4ebb83816c90}"
EndProject
Project("{FAE04EC0-301F-11D3-BF4B-00C04F79EFBC}") = "Unity.2D.Psdimporter.EditorTests", "Unity.2D.Psdimporter.EditorTests.csproj", "{17fa337a-375f-8258-a318-68a56b7e83fd}"
EndProject
Project("{FAE04EC0-301F-11D3-BF4B-00C04F79EFBC}") = "Unity.InputSystem.IntegrationTests", "Unity.InputSystem.IntegrationTests.csproj", "{07977ff6-fc3f-edf1-7801-da88870e31c6}"
EndProject
Project("{FAE04EC0-301F-11D3-BF4B-00C04F79EFBC}") = "Unity.Collections.Tests.Playmode", "Unity.Collections.Tests.Playmode.csproj", "{6b8a4a9e-6ad2-96cc-17d9-f208466b687f}"
EndProject
Project("{FAE04EC0-301F-11D3-BF4B-00C04F79EFBC}") = "Unity.Nuget.Mono-Cecil", "Unity.Nuget.Mono-Cecil.csproj", "{bc0afddb-f020-8b8b-0af5-4508013dda0e}"
EndProject
Project("{FAE04EC0-301F-11D3-BF4B-00C04F79EFBC}") = "Unity.2D.Animation.EditorTests", "Unity.2D.Animation.EditorTests.csproj", "{ae7df263-dff7-fff2-27f2-b04aea90ad3f}"
EndProject
Project("{FAE04EC0-301F-11D3-BF4B-00C04F79EFBC}") = "Unity.Collections.BurstCompatibilityGen", "Unity.Collections.BurstCompatibilityGen.csproj", "{a73b3739-c799-e750-eb18-209c12c4145d}"
EndProject
Global
	GlobalSection(SolutionConfigurationPlatforms) = preSolution
		Debug|Any CPU = Debug|Any CPU
	EndGlobalSection
	GlobalSection(ProjectConfigurationPlatforms) = postSolution
		{6d7e7fd1-87c9-7be9-6697-6ad560d6260e}.Debug|Any CPU.ActiveCfg = Debug|Any CPU
		{6d7e7fd1-87c9-7be9-6697-6ad560d6260e}.Debug|Any CPU.Build.0 = Debug|Any CPU
		{34ca86a7-5ab6-c3de-d47c-8ffeee93b122}.Debug|Any CPU.ActiveCfg = Debug|Any CPU
		{34ca86a7-5ab6-c3de-d47c-8ffeee93b122}.Debug|Any CPU.Build.0 = Debug|Any CPU
		{cd90d991-4ff2-186f-bd3b-991ae28ba8c5}.Debug|Any CPU.ActiveCfg = Debug|Any CPU
		{cd90d991-4ff2-186f-bd3b-991ae28ba8c5}.Debug|Any CPU.Build.0 = Debug|Any CPU
		{c6c2d283-add3-ab3f-23b7-7b740f272de8}.Debug|Any CPU.ActiveCfg = Debug|Any CPU
		{c6c2d283-add3-ab3f-23b7-7b740f272de8}.Debug|Any CPU.Build.0 = Debug|Any CPU
		{ae8cd75a-814f-1b14-eeeb-70d450a50b20}.Debug|Any CPU.ActiveCfg = Debug|Any CPU
		{ae8cd75a-814f-1b14-eeeb-70d450a50b20}.Debug|Any CPU.Build.0 = Debug|Any CPU
		{cdba88bf-8755-6338-bcf7-32147014e5ab}.Debug|Any CPU.ActiveCfg = Debug|Any CPU
		{cdba88bf-8755-6338-bcf7-32147014e5ab}.Debug|Any CPU.Build.0 = Debug|Any CPU
		{bb581293-07cd-465b-1028-61ea0b879322}.Debug|Any CPU.ActiveCfg = Debug|Any CPU
		{bb581293-07cd-465b-1028-61ea0b879322}.Debug|Any CPU.Build.0 = Debug|Any CPU
		{58ea2261-4e47-2b50-c8a8-d008ccceb7cb}.Debug|Any CPU.ActiveCfg = Debug|Any CPU
		{58ea2261-4e47-2b50-c8a8-d008ccceb7cb}.Debug|Any CPU.Build.0 = Debug|Any CPU
		{49fade81-c1f3-408c-3f0a-7e317aeb2952}.Debug|Any CPU.ActiveCfg = Debug|Any CPU
		{49fade81-c1f3-408c-3f0a-7e317aeb2952}.Debug|Any CPU.Build.0 = Debug|Any CPU
		{fae1c317-04cb-a796-c82f-e14e827c96bf}.Debug|Any CPU.ActiveCfg = Debug|Any CPU
		{fae1c317-04cb-a796-c82f-e14e827c96bf}.Debug|Any CPU.Build.0 = Debug|Any CPU
		{f08a3366-74f1-69ff-d964-9de7e1eb9c3e}.Debug|Any CPU.ActiveCfg = Debug|Any CPU
		{f08a3366-74f1-69ff-d964-9de7e1eb9c3e}.Debug|Any CPU.Build.0 = Debug|Any CPU
		{f78ebf7e-7a20-45d6-0756-2fe7c5a4a840}.Debug|Any CPU.ActiveCfg = Debug|Any CPU
		{f78ebf7e-7a20-45d6-0756-2fe7c5a4a840}.Debug|Any CPU.Build.0 = Debug|Any CPU
		{6a6d6ba9-27cf-0e13-8fbe-24630085bc9a}.Debug|Any CPU.ActiveCfg = Debug|Any CPU
		{6a6d6ba9-27cf-0e13-8fbe-24630085bc9a}.Debug|Any CPU.Build.0 = Debug|Any CPU
		{657a8de8-c3b2-9fa1-1e92-76a63cacea37}.Debug|Any CPU.ActiveCfg = Debug|Any CPU
		{657a8de8-c3b2-9fa1-1e92-76a63cacea37}.Debug|Any CPU.Build.0 = Debug|Any CPU
		{f183c9db-00ac-42b2-c640-67a0115feab1}.Debug|Any CPU.ActiveCfg = Debug|Any CPU
		{f183c9db-00ac-42b2-c640-67a0115feab1}.Debug|Any CPU.Build.0 = Debug|Any CPU
		{643a9c54-94a9-64a7-3a0a-9f74fab9a713}.Debug|Any CPU.ActiveCfg = Debug|Any CPU
		{643a9c54-94a9-64a7-3a0a-9f74fab9a713}.Debug|Any CPU.Build.0 = Debug|Any CPU
		{d9380aa9-b8c9-6526-84f6-973b5a75506b}.Debug|Any CPU.ActiveCfg = Debug|Any CPU
		{d9380aa9-b8c9-6526-84f6-973b5a75506b}.Debug|Any CPU.Build.0 = Debug|Any CPU
		{91b47e37-026d-52a9-2242-53060798cc6f}.Debug|Any CPU.ActiveCfg = Debug|Any CPU
		{91b47e37-026d-52a9-2242-53060798cc6f}.Debug|Any CPU.Build.0 = Debug|Any CPU
		{a773b8c6-244c-e39f-f8d8-b43a6ba9f896}.Debug|Any CPU.ActiveCfg = Debug|Any CPU
		{a773b8c6-244c-e39f-f8d8-b43a6ba9f896}.Debug|Any CPU.Build.0 = Debug|Any CPU
		{19133a41-8af0-b82a-feed-6995d6f0013b}.Debug|Any CPU.ActiveCfg = Debug|Any CPU
		{19133a41-8af0-b82a-feed-6995d6f0013b}.Debug|Any CPU.Build.0 = Debug|Any CPU
		{2f1117ee-a42b-3bc8-f5cd-c647899fb923}.Debug|Any CPU.ActiveCfg = Debug|Any CPU
		{2f1117ee-a42b-3bc8-f5cd-c647899fb923}.Debug|Any CPU.Build.0 = Debug|Any CPU
		{cb41f519-91c8-a551-719e-65af6a213326}.Debug|Any CPU.ActiveCfg = Debug|Any CPU
		{cb41f519-91c8-a551-719e-65af6a213326}.Debug|Any CPU.Build.0 = Debug|Any CPU
		{a0315d57-74db-1fc1-7e59-5796f072483e}.Debug|Any CPU.ActiveCfg = Debug|Any CPU
		{a0315d57-74db-1fc1-7e59-5796f072483e}.Debug|Any CPU.Build.0 = Debug|Any CPU
		{f18cd080-f1a4-c9c9-63a5-33c81e2d2b9d}.Debug|Any CPU.ActiveCfg = Debug|Any CPU
		{f18cd080-f1a4-c9c9-63a5-33c81e2d2b9d}.Debug|Any CPU.Build.0 = Debug|Any CPU
		{3b4bfadc-e9f0-1a98-54ed-0085aade83cd}.Debug|Any CPU.ActiveCfg = Debug|Any CPU
		{3b4bfadc-e9f0-1a98-54ed-0085aade83cd}.Debug|Any CPU.Build.0 = Debug|Any CPU
		{86ae86a3-77e2-f69b-8d29-64c48bcd2534}.Debug|Any CPU.ActiveCfg = Debug|Any CPU
		{86ae86a3-77e2-f69b-8d29-64c48bcd2534}.Debug|Any CPU.Build.0 = Debug|Any CPU
		{24bcbb9a-7fcd-ee31-7bd1-f179fe97d67f}.Debug|Any CPU.ActiveCfg = Debug|Any CPU
		{24bcbb9a-7fcd-ee31-7bd1-f179fe97d67f}.Debug|Any CPU.Build.0 = Debug|Any CPU
		{7a122c57-80fd-c792-3f06-92aef0412751}.Debug|Any CPU.ActiveCfg = Debug|Any CPU
		{7a122c57-80fd-c792-3f06-92aef0412751}.Debug|Any CPU.Build.0 = Debug|Any CPU
		{56875d03-0e53-2d0c-a7ea-77732ec69e17}.Debug|Any CPU.ActiveCfg = Debug|Any CPU
		{56875d03-0e53-2d0c-a7ea-77732ec69e17}.Debug|Any CPU.Build.0 = Debug|Any CPU
		{837156f1-21eb-7ba3-edf5-69fc1a739ca6}.Debug|Any CPU.ActiveCfg = Debug|Any CPU
		{837156f1-21eb-7ba3-edf5-69fc1a739ca6}.Debug|Any CPU.Build.0 = Debug|Any CPU
		{190f9939-9662-a6ec-873b-332861b7c894}.Debug|Any CPU.ActiveCfg = Debug|Any CPU
		{190f9939-9662-a6ec-873b-332861b7c894}.Debug|Any CPU.Build.0 = Debug|Any CPU
		{5867f31b-1a24-9c16-6c07-d8f750bff6a6}.Debug|Any CPU.ActiveCfg = Debug|Any CPU
		{5867f31b-1a24-9c16-6c07-d8f750bff6a6}.Debug|Any CPU.Build.0 = Debug|Any CPU
		{7ca503bc-3c24-c732-a3f4-f9927fcbecf8}.Debug|Any CPU.ActiveCfg = Debug|Any CPU
		{7ca503bc-3c24-c732-a3f4-f9927fcbecf8}.Debug|Any CPU.Build.0 = Debug|Any CPU
		{0d84564c-9c89-934f-a4b4-af712dfec620}.Debug|Any CPU.ActiveCfg = Debug|Any CPU
		{0d84564c-9c89-934f-a4b4-af712dfec620}.Debug|Any CPU.Build.0 = Debug|Any CPU
		{320b1dd4-d24e-5de1-0898-41a6f4c79445}.Debug|Any CPU.ActiveCfg = Debug|Any CPU
		{320b1dd4-d24e-5de1-0898-41a6f4c79445}.Debug|Any CPU.Build.0 = Debug|Any CPU
		{92d04448-74fb-cb7c-77b1-c922313fc452}.Debug|Any CPU.ActiveCfg = Debug|Any CPU
		{92d04448-74fb-cb7c-77b1-c922313fc452}.Debug|Any CPU.Build.0 = Debug|Any CPU
		{28fe38f0-b52d-70d5-8bd6-57fd39757ebf}.Debug|Any CPU.ActiveCfg = Debug|Any CPU
		{28fe38f0-b52d-70d5-8bd6-57fd39757ebf}.Debug|Any CPU.Build.0 = Debug|Any CPU
		{9f8851d8-c806-ea1b-dc4e-cafa2057013c}.Debug|Any CPU.ActiveCfg = Debug|Any CPU
		{9f8851d8-c806-ea1b-dc4e-cafa2057013c}.Debug|Any CPU.Build.0 = Debug|Any CPU
		{d16b2357-e7b3-562e-56ee-3abf086192c3}.Debug|Any CPU.ActiveCfg = Debug|Any CPU
		{d16b2357-e7b3-562e-56ee-3abf086192c3}.Debug|Any CPU.Build.0 = Debug|Any CPU
		{f6b60689-622a-b1a7-316b-974821636b56}.Debug|Any CPU.ActiveCfg = Debug|Any CPU
		{f6b60689-622a-b1a7-316b-974821636b56}.Debug|Any CPU.Build.0 = Debug|Any CPU
		{71d5813b-12be-bdff-ac7d-8687165d8bed}.Debug|Any CPU.ActiveCfg = Debug|Any CPU
		{71d5813b-12be-bdff-ac7d-8687165d8bed}.Debug|Any CPU.Build.0 = Debug|Any CPU
		{abe25172-b296-a507-b358-00da32983cb9}.Debug|Any CPU.ActiveCfg = Debug|Any CPU
		{abe25172-b296-a507-b358-00da32983cb9}.Debug|Any CPU.Build.0 = Debug|Any CPU
		{50d90116-a959-62ba-048d-421de7ab8c05}.Debug|Any CPU.ActiveCfg = Debug|Any CPU
		{50d90116-a959-62ba-048d-421de7ab8c05}.Debug|Any CPU.Build.0 = Debug|Any CPU
		{c6a9d477-606b-7d57-0f2b-9f5511776ca5}.Debug|Any CPU.ActiveCfg = Debug|Any CPU
		{c6a9d477-606b-7d57-0f2b-9f5511776ca5}.Debug|Any CPU.Build.0 = Debug|Any CPU
		{862d1f46-94cd-96e3-fb85-304941215238}.Debug|Any CPU.ActiveCfg = Debug|Any CPU
		{862d1f46-94cd-96e3-fb85-304941215238}.Debug|Any CPU.Build.0 = Debug|Any CPU
		{f1ca22f4-8708-cc4a-eeab-db72ec38fa9e}.Debug|Any CPU.ActiveCfg = Debug|Any CPU
		{f1ca22f4-8708-cc4a-eeab-db72ec38fa9e}.Debug|Any CPU.Build.0 = Debug|Any CPU
		{4633c733-ce48-46ad-1f7d-4cb1b9d286f8}.Debug|Any CPU.ActiveCfg = Debug|Any CPU
		{4633c733-ce48-46ad-1f7d-4cb1b9d286f8}.Debug|Any CPU.Build.0 = Debug|Any CPU
		{e453eece-7482-abd8-93b4-659308ff2918}.Debug|Any CPU.ActiveCfg = Debug|Any CPU
		{e453eece-7482-abd8-93b4-659308ff2918}.Debug|Any CPU.Build.0 = Debug|Any CPU
		{947869b8-73bc-ebc0-6e39-9e76ee9aa6a7}.Debug|Any CPU.ActiveCfg = Debug|Any CPU
		{947869b8-73bc-ebc0-6e39-9e76ee9aa6a7}.Debug|Any CPU.Build.0 = Debug|Any CPU
		{23f03e91-d3c2-258e-5bf6-6c04c50ee04f}.Debug|Any CPU.ActiveCfg = Debug|Any CPU
		{23f03e91-d3c2-258e-5bf6-6c04c50ee04f}.Debug|Any CPU.Build.0 = Debug|Any CPU
		{7c8e209a-3ce5-66eb-b6eb-1efa26d6d478}.Debug|Any CPU.ActiveCfg = Debug|Any CPU
		{7c8e209a-3ce5-66eb-b6eb-1efa26d6d478}.Debug|Any CPU.Build.0 = Debug|Any CPU
		{09ccb060-d0f2-f691-d262-ca6bcb7ba61e}.Debug|Any CPU.ActiveCfg = Debug|Any CPU
		{09ccb060-d0f2-f691-d262-ca6bcb7ba61e}.Debug|Any CPU.Build.0 = Debug|Any CPU
		{c00bfe8c-e641-2c98-fff5-8f818f194689}.Debug|Any CPU.ActiveCfg = Debug|Any CPU
		{c00bfe8c-e641-2c98-fff5-8f818f194689}.Debug|Any CPU.Build.0 = Debug|Any CPU
		{857cead7-4d48-c696-ce77-fe5efb8ac238}.Debug|Any CPU.ActiveCfg = Debug|Any CPU
		{857cead7-4d48-c696-ce77-fe5efb8ac238}.Debug|Any CPU.Build.0 = Debug|Any CPU
		{1736d2f2-c20b-4a6a-3353-dd7742b361a1}.Debug|Any CPU.ActiveCfg = Debug|Any CPU
		{1736d2f2-c20b-4a6a-3353-dd7742b361a1}.Debug|Any CPU.Build.0 = Debug|Any CPU
		{1b61944c-c5d2-c6cb-8a12-fba98c5a5575}.Debug|Any CPU.ActiveCfg = Debug|Any CPU
		{1b61944c-c5d2-c6cb-8a12-fba98c5a5575}.Debug|Any CPU.Build.0 = Debug|Any CPU
		{b88aa798-e780-b246-de29-979d783d6876}.Debug|Any CPU.ActiveCfg = Debug|Any CPU
		{b88aa798-e780-b246-de29-979d783d6876}.Debug|Any CPU.Build.0 = Debug|Any CPU
		{eefe726c-7ae8-4099-6e19-7ffde5f297af}.Debug|Any CPU.ActiveCfg = Debug|Any CPU
		{eefe726c-7ae8-4099-6e19-7ffde5f297af}.Debug|Any CPU.Build.0 = Debug|Any CPU
		{e923504c-6490-ac36-b4a9-e66d9415b6c4}.Debug|Any CPU.ActiveCfg = Debug|Any CPU
		{e923504c-6490-ac36-b4a9-e66d9415b6c4}.Debug|Any CPU.Build.0 = Debug|Any CPU
		{522952cf-269b-bc4f-f784-ef85bc24dfb2}.Debug|Any CPU.ActiveCfg = Debug|Any CPU
		{522952cf-269b-bc4f-f784-ef85bc24dfb2}.Debug|Any CPU.Build.0 = Debug|Any CPU
		{21ac4f2a-c103-26a4-3da5-5303c84f8fcd}.Debug|Any CPU.ActiveCfg = Debug|Any CPU
		{21ac4f2a-c103-26a4-3da5-5303c84f8fcd}.Debug|Any CPU.Build.0 = Debug|Any CPU
		{5fc2d261-84e1-2a3f-9cb3-966a51edd8ff}.Debug|Any CPU.ActiveCfg = Debug|Any CPU
		{5fc2d261-84e1-2a3f-9cb3-966a51edd8ff}.Debug|Any CPU.Build.0 = Debug|Any CPU
		{36b91495-3b84-47e3-06a0-df824f95ee98}.Debug|Any CPU.ActiveCfg = Debug|Any CPU
		{36b91495-3b84-47e3-06a0-df824f95ee98}.Debug|Any CPU.Build.0 = Debug|Any CPU
		{03031733-02e9-884c-5c6c-40a9b992ab14}.Debug|Any CPU.ActiveCfg = Debug|Any CPU
		{03031733-02e9-884c-5c6c-40a9b992ab14}.Debug|Any CPU.Build.0 = Debug|Any CPU
		{ec5dd353-1c49-bbe3-4d3e-518a407eb79a}.Debug|Any CPU.ActiveCfg = Debug|Any CPU
		{ec5dd353-1c49-bbe3-4d3e-518a407eb79a}.Debug|Any CPU.Build.0 = Debug|Any CPU
		{faa907d7-7b8a-24db-79a1-bbb2d278b9c8}.Debug|Any CPU.ActiveCfg = Debug|Any CPU
		{faa907d7-7b8a-24db-79a1-bbb2d278b9c8}.Debug|Any CPU.Build.0 = Debug|Any CPU
		{4fb1f2d2-830a-ccc5-4cf5-2f52833db042}.Debug|Any CPU.ActiveCfg = Debug|Any CPU
		{4fb1f2d2-830a-ccc5-4cf5-2f52833db042}.Debug|Any CPU.Build.0 = Debug|Any CPU
		{01ba1e1c-1901-4b6b-da79-387e183e0779}.Debug|Any CPU.ActiveCfg = Debug|Any CPU
		{01ba1e1c-1901-4b6b-da79-387e183e0779}.Debug|Any CPU.Build.0 = Debug|Any CPU
		{c7a65b96-fd62-576a-1b16-ce5c892f4d83}.Debug|Any CPU.ActiveCfg = Debug|Any CPU
		{c7a65b96-fd62-576a-1b16-ce5c892f4d83}.Debug|Any CPU.Build.0 = Debug|Any CPU
		{116eaafa-e4db-541d-e4ff-4ebb83816c90}.Debug|Any CPU.ActiveCfg = Debug|Any CPU
		{116eaafa-e4db-541d-e4ff-4ebb83816c90}.Debug|Any CPU.Build.0 = Debug|Any CPU
		{17fa337a-375f-8258-a318-68a56b7e83fd}.Debug|Any CPU.ActiveCfg = Debug|Any CPU
		{17fa337a-375f-8258-a318-68a56b7e83fd}.Debug|Any CPU.Build.0 = Debug|Any CPU
		{07977ff6-fc3f-edf1-7801-da88870e31c6}.Debug|Any CPU.ActiveCfg = Debug|Any CPU
		{07977ff6-fc3f-edf1-7801-da88870e31c6}.Debug|Any CPU.Build.0 = Debug|Any CPU
		{6b8a4a9e-6ad2-96cc-17d9-f208466b687f}.Debug|Any CPU.ActiveCfg = Debug|Any CPU
		{6b8a4a9e-6ad2-96cc-17d9-f208466b687f}.Debug|Any CPU.Build.0 = Debug|Any CPU
		{bc0afddb-f020-8b8b-0af5-4508013dda0e}.Debug|Any CPU.ActiveCfg = Debug|Any CPU
		{bc0afddb-f020-8b8b-0af5-4508013dda0e}.Debug|Any CPU.Build.0 = Debug|Any CPU
		{ae7df263-dff7-fff2-27f2-b04aea90ad3f}.Debug|Any CPU.ActiveCfg = Debug|Any CPU
		{ae7df263-dff7-fff2-27f2-b04aea90ad3f}.Debug|Any CPU.Build.0 = Debug|Any CPU
		{a73b3739-c799-e750-eb18-209c12c4145d}.Debug|Any CPU.ActiveCfg = Debug|Any CPU
		{a73b3739-c799-e750-eb18-209c12c4145d}.Debug|Any CPU.Build.0 = Debug|Any CPU
	EndGlobalSection
	GlobalSection(SolutionProperties) = preSolution
		HideSolutionNode = FALSE
	EndGlobalSection
EndGlobal
